
Microsoft Visual Studio Solution File, Format Version 12.00
# Visual Studio Version 16
VisualStudioVersion = 16.0.30320.27
MinimumVisualStudioVersion = 10.0.40219.1
Project("{9A19103F-16F7-4668-BE54-9A1E7A4F7556}") = "Test", "Test\Test.csproj", "{2F40B050-2947-48CA-8CC2-C58C5CC2296B}"
EndProject
Project("{9A19103F-16F7-4668-BE54-9A1E7A4F7556}") = "ArraySegmentPool", "ArraySegmentPool\ArraySegmentPool.csproj", "{30E09EE6-5DC4-49B7-BB2A-8950D4467E3F}"
EndProject
Global
	GlobalSection(SolutionConfigurationPlatforms) = preSolution
		Debug|Any CPU = Debug|Any CPU
		Debug|x64 = Debug|x64
		Release|Any CPU = Release|Any CPU
		Release|x64 = Release|x64
	EndGlobalSection
	GlobalSection(ProjectConfigurationPlatforms) = postSolution
		{2F40B050-2947-48CA-8CC2-C58C5CC2296B}.Debug|Any CPU.ActiveCfg = Debug|Any CPU
		{2F40B050-2947-48CA-8CC2-C58C5CC2296B}.Debug|Any CPU.Build.0 = Debug|Any CPU
		{2F40B050-2947-48CA-8CC2-C58C5CC2296B}.Debug|x64.ActiveCfg = Debug|Any CPU
		{2F40B050-2947-48CA-8CC2-C58C5CC2296B}.Debug|x64.Build.0 = Debug|Any CPU
		{2F40B050-2947-48CA-8CC2-C58C5CC2296B}.Release|Any CPU.ActiveCfg = Release|Any CPU
		{2F40B050-2947-48CA-8CC2-C58C5CC2296B}.Release|Any CPU.Build.0 = Release|Any CPU
		{2F40B050-2947-48CA-8CC2-C58C5CC2296B}.Release|x64.ActiveCfg = Release|x64
		{2F40B050-2947-48CA-8CC2-C58C5CC2296B}.Release|x64.Build.0 = Release|x64
		{30E09EE6-5DC4-49B7-BB2A-8950D4467E3F}.Debug|Any CPU.ActiveCfg = Debug|Any CPU
		{30E09EE6-5DC4-49B7-BB2A-8950D4467E3F}.Debug|Any CPU.Build.0 = Debug|Any CPU
		{30E09EE6-5DC4-49B7-BB2A-8950D4467E3F}.Debug|x64.ActiveCfg = Debug|Any CPU
		{30E09EE6-5DC4-49B7-BB2A-8950D4467E3F}.Debug|x64.Build.0 = Debug|Any CPU
		{30E09EE6-5DC4-49B7-BB2A-8950D4467E3F}.Release|Any CPU.ActiveCfg = Release|Any CPU
		{30E09EE6-5DC4-49B7-BB2A-8950D4467E3F}.Release|Any CPU.Build.0 = Release|Any CPU
		{30E09EE6-5DC4-49B7-BB2A-8950D4467E3F}.Release|x64.ActiveCfg = Release|x64
		{30E09EE6-5DC4-49B7-BB2A-8950D4467E3F}.Release|x64.Build.0 = Release|x64
	EndGlobalSection
	GlobalSection(SolutionProperties) = preSolution
		HideSolutionNode = FALSE
	EndGlobalSection
	GlobalSection(ExtensibilityGlobals) = postSolution
		SolutionGuid = {ED41D8DE-DF9D-4DAD-9CE5-E149462A29C0}
	EndGlobalSection
EndGlobal
